
Microsoft Visual Studio Solution File, Format Version 12.00
# Visual Studio Version 17
VisualStudioVersion = 17.6.33723.286
MinimumVisualStudioVersion = 10.0.40219.1
Project("{9A19103F-16F7-4668-BE54-9A1E7A4F7556}") = "FtpAgent", "FtpAgent\FtpAgent.csproj", "{6376A5B0-1BA8-4854-B81E-F5DC072C0FEE}"
EndProject
Global
	GlobalSection(SolutionConfigurationPlatforms) = preSolution
		Debug|Any CPU = Debug|Any CPU
		Release|Any CPU = Release|Any CPU
	EndGlobalSection
	GlobalSection(ProjectConfigurationPlatforms) = postSolution
		{6376A5B0-1BA8-4854-B81E-F5DC072C0FEE}.Debug|Any CPU.ActiveCfg = Debug|Any CPU
		{6376A5B0-1BA8-4854-B81E-F5DC072C0FEE}.Debug|Any CPU.Build.0 = Debug|Any CPU
		{6376A5B0-1BA8-4854-B81E-F5DC072C0FEE}.Release|Any CPU.ActiveCfg = Release|Any CPU
		{6376A5B0-1BA8-4854-B81E-F5DC072C0FEE}.Release|Any CPU.Build.0 = Release|Any CPU
	EndGlobalSection
	GlobalSection(SolutionProperties) = preSolution
		HideSolutionNode = FALSE
	EndGlobalSection
	GlobalSection(ExtensibilityGlobals) = postSolution
		SolutionGuid = {4F3EA4CF-1180-4310-AC71-76EA5FF5C9CB}
	EndGlobalSection
EndGlobal
