
Microsoft Visual Studio Solution File, Format Version 12.00
# Visual Studio Version 17
VisualStudioVersion = 17.6.33723.286
MinimumVisualStudioVersion = 10.0.40219.1
Project("{FAE04EC0-301F-11D3-BF4B-00C04F79EFBC}") = "RSAKeyHelper", "RSAKeyHelper\RSAKeyHelper.csproj", "{1E474090-96A7-433C-BFE6-0F8B45DECC42}"
EndProject
Global
	GlobalSection(SolutionConfigurationPlatforms) = preSolution
		Debug|Any CPU = Debug|Any CPU
		Release|Any CPU = Release|Any CPU
	EndGlobalSection
	GlobalSection(ProjectConfigurationPlatforms) = postSolution
		{1E474090-96A7-433C-BFE6-0F8B45DECC42}.Debug|Any CPU.ActiveCfg = Debug|Any CPU
		{1E474090-96A7-433C-BFE6-0F8B45DECC42}.Debug|Any CPU.Build.0 = Debug|Any CPU
		{1E474090-96A7-433C-BFE6-0F8B45DECC42}.Release|Any CPU.ActiveCfg = Release|Any CPU
		{1E474090-96A7-433C-BFE6-0F8B45DECC42}.Release|Any CPU.Build.0 = Release|Any CPU
	EndGlobalSection
	GlobalSection(SolutionProperties) = preSolution
		HideSolutionNode = FALSE
	EndGlobalSection
	GlobalSection(ExtensibilityGlobals) = postSolution
		SolutionGuid = {2CF7C00A-9DD2-454B-86E2-4EB222AF08CB}
	EndGlobalSection
EndGlobal
